{
  "name": "nodejs-docker-app",
  "version": "1.0.0",
  "lockfileVersion": 3,
  "requires": true,
  "packages": {
    "": {
      "name": "nodejs-docker-app",
      "version": "1.0.0",
      "dependencies": {
        "express": "^4.19.2"
      }
    },
    "node_modules/express": {
      "version": "4.19.2",
      "resolved": "https://npmjs.org",
      "integrity": "sha512-5T6nhjsT+EOMzveyoCZ65FmAFr6gqnDGcToOGLGcew1MdoMZ4cYSbnStZOWh4c3aLIKeycXAncRIg5M1v85ZQw==",
      "engines": {
        "node": ">= 0.10.0"
      }
    }
  }
}
